// !$*UTF8*$!
{
	archiveVersion = 1;
	classes = {
	};
	objectVersion = 46;
	objects = {

/* Begin PBXBuildFile section */
		D285692C1C67237500581C15 /* AppDelegate.swift in Sources */ = {isa = PBXBuildFile; fileRef = D285692B1C67237500581C15 /* AppDelegate.swift */; };
		D285692E1C67237500581C15 /* RecordSoundViewController.swift in Sources */ = {isa = PBXBuildFile; fileRef = D285692D1C67237500581C15 /* RecordSoundViewController.swift */; };
		D28569311C67237500581C15 /* Main.storyboard in Resources */ = {isa = PBXBuildFile; fileRef = D285692F1C67237500581C15 /* Main.storyboard */; };
		D28569331C67237500581C15 /* Assets.xcassets in Resources */ = {isa = PBXBuildFile; fileRef = D28569321C67237500581C15 /* Assets.xcassets */; };
		D28569361C67237500581C15 /* LaunchScreen.storyboard in Resources */ = {isa = PBXBuildFile; fileRef = D28569341C67237500581C15 /* LaunchScreen.storyboard */; };
		D28569411C67237500581C15 /* Pitch_PerfectTests.swift in Sources */ = {isa = PBXBuildFile; fileRef = D28569401C67237500581C15 /* Pitch_PerfectTests.swift */; };
		D285694C1C67237500581C15 /* Pitch_PerfectUITests.swift in Sources */ = {isa = PBXBuildFile; fileRef = D285694B1C67237500581C15 /* Pitch_PerfectUITests.swift */; };
		D285695A1C67E52C00581C15 /* PlaySoundsViewController.swift in Sources */ = {isa = PBXBuildFile; fileRef = D28569591C67E52C00581C15 /* PlaySoundsViewController.swift */; };
		D285695E1C6A783500581C15 /* RecordedAudio.swift in Sources */ = {isa = PBXBuildFile; fileRef = D285695D1C6A783500581C15 /* RecordedAudio.swift */; };
/* End PBXBuildFile section */

/* Begin PBXContainerItemProxy section */
		D285693D1C67237500581C15 /* PBXContainerItemProxy */ = {
			isa = PBXContainerItemProxy;
			containerPortal = D28569201C67237500581C15 /* Project object */;
			proxyType = 1;
			remoteGlobalIDString = D28569271C67237500581C15;
			remoteInfo = "Pitch Perfect";
		};
		D28569481C67237500581C15 /* PBXContainerItemProxy */ = {
			isa = PBXContainerItemProxy;
			containerPortal = D28569201C67237500581C15 /* Project object */;
			proxyType = 1;
			remoteGlobalIDString = D28569271C67237500581C15;
			remoteInfo = "Pitch Perfect";
		};
/* End PBXContainerItemProxy section */

/* Begin PBXFileReference section */
		D28569281C67237500581C15 /* Pitch Perfect.app */ = {isa = PBXFileReference; explicitFileType = wrapper.application; includeInIndex = 0; path = "Pitch Perfect.app"; sourceTree = BUILT_PRODUCTS_DIR; };
		D285692B1C67237500581C15 /* AppDelegate.swift */ = {isa = PBXFileReference; lastKnownFileType = sourcecode.swift; path = AppDelegate.swift; sourceTree = "<group>"; };
		D285692D1C67237500581C15 /* RecordSoundViewController.swift */ = {isa = PBXFileReference; lastKnownFileType = sourcecode.swift; path = RecordSoundViewController.swift; sourceTree = "<group>"; };
		D28569301C67237500581C15 /* Base */ = {isa = PBXFileReference; lastKnownFileType = file.storyboard; name = Base; path = Base.lproj/Main.storyboard; sourceTree = "<group>"; };
		D28569321C67237500581C15 /* Assets.xcassets */ = {isa = PBXFileReference; lastKnownFileType = folder.assetcatalog; path = Assets.xcassets; sourceTree = "<group>"; };
		D28569351C67237500581C15 /* Base */ = {isa = PBXFileReference; lastKnownFileType = file.storyboard; name = Base; path = Base.lproj/LaunchScreen.storyboard; sourceTree = "<group>"; };
		D28569371C67237500581C15 /* Info.plist */ = {isa = PBXFileReference; lastKnownFileType = text.plist.xml; path = Info.plist; sourceTree = "<group>"; };
		D285693C1C67237500581C15 /* Pitch PerfectTests.xctest */ = {isa = PBXFileReference; explicitFileType = wrapper.cfbundle; includeInIndex = 0; path = "Pitch PerfectTests.xctest"; sourceTree = BUILT_PRODUCTS_DIR; };
		D28569401C67237500581C15 /* Pitch_PerfectTests.swift */ = {isa = PBXFileReference; lastKnownFileType = sourcecode.swift; path = Pitch_PerfectTests.swift; sourceTree = "<group>"; };
		D28569421C67237500581C15 /* Info.plist */ = {isa = PBXFileReference; lastKnownFileType = text.plist.xml; path = Info.plist; sourceTree = "<group>"; };
		D28569471C67237500581C15 /* Pitch PerfectUITests.xctest */ = {isa = PBXFileReference; explicitFileType = wrapper.cfbundle; includeInIndex = 0; path = "Pitch PerfectUITests.xctest"; sourceTree = BUILT_PRODUCTS_DIR; };
		D285694B1C67237500581C15 /* Pitch_PerfectUITests.swift */ = {isa = PBXFileReference; lastKnownFileType = sourcecode.swift; path = Pitch_PerfectUITests.swift; sourceTree = "<group>"; };
		D285694D1C67237500581C15 /* Info.plist */ = {isa = PBXFileReference; lastKnownFileType = text.plist.xml; path = Info.plist; sourceTree = "<group>"; };
		D28569591C67E52C00581C15 /* PlaySoundsViewController.swift */ = {isa = PBXFileReference; fileEncoding = 4; lastKnownFileType = sourcecode.swift; path = PlaySoundsViewController.swift; sourceTree = "<group>"; };
		D285695D1C6A783500581C15 /* RecordedAudio.swift */ = {isa = PBXFileReference; fileEncoding = 4; lastKnownFileType = sourcecode.swift; path = RecordedAudio.swift; sourceTree = "<group>"; };
/* End PBXFileReference section */

/* Begin PBXFrameworksBuildPhase section */
		D28569251C67237500581C15 /* Frameworks */ = {
			isa = PBXFrameworksBuildPhase;
			buildActionMask = 2147483647;
			files = (
			);
			runOnlyForDeploymentPostprocessing = 0;
		};
		D28569391C67237500581C15 /* Frameworks */ = {
			isa = PBXFrameworksBuildPhase;
			buildActionMask = 2147483647;
			files = (
			);
			runOnlyForDeploymentPostprocessing = 0;
		};
		D28569441C67237500581C15 /* Frameworks */ = {
			isa = PBXFrameworksBuildPhase;
			buildActionMask = 2147483647;
			files = (
			);
			runOnlyForDeploymentPostprocessing = 0;
		};
/* End PBXFrameworksBuildPhase section */

/* Begin PBXGroup section */
		D285691F1C67237500581C15 = {
			isa = PBXGroup;
			children = (
				D285692A1C67237500581C15 /* Pitch Perfect */,
				D285693F1C67237500581C15 /* Pitch PerfectTests */,
				D285694A1C67237500581C15 /* Pitch PerfectUITests */,
				D28569291C67237500581C15 /* Products */,
			);
			sourceTree = "<group>";
		};
		D28569291C67237500581C15 /* Products */ = {
			isa = PBXGroup;
			children = (
				D28569281C67237500581C15 /* Pitch Perfect.app */,
				D285693C1C67237500581C15 /* Pitch PerfectTests.xctest */,
				D28569471C67237500581C15 /* Pitch PerfectUITests.xctest */,
			);
			name = Products;
			sourceTree = "<group>";
		};
		D285692A1C67237500581C15 /* Pitch Perfect */ = {
			isa = PBXGroup;
			children = (
				D285692B1C67237500581C15 /* AppDelegate.swift */,
				D285692D1C67237500581C15 /* RecordSoundViewController.swift */,
				D285692F1C67237500581C15 /* Main.storyboard */,
				D28569591C67E52C00581C15 /* PlaySoundsViewController.swift */,
				D28569321C67237500581C15 /* Assets.xcassets */,
				D28569341C67237500581C15 /* LaunchScreen.storyboard */,
				D28569371C67237500581C15 /* Info.plist */,
				D285695D1C6A783500581C15 /* RecordedAudio.swift */,
			);
			path = "Pitch Perfect";
			sourceTree = "<group>";
		};
		D285693F1C67237500581C15 /* Pitch PerfectTests */ = {
			isa = PBXGroup;
			children = (
				D28569401C67237500581C15 /* Pitch_PerfectTests.swift */,
				D28569421C67237500581C15 /* Info.plist */,
			);
			path = "Pitch PerfectTests";
			sourceTree = "<group>";
		};
		D285694A1C67237500581C15 /* Pitch PerfectUITests */ = {
			isa = PBXGroup;
			children = (
				D285694B1C67237500581C15 /* Pitch_PerfectUITests.swift */,
				D285694D1C67237500581C15 /* Info.plist */,
			);
			path = "Pitch PerfectUITests";
			sourceTree = "<group>";
		};
/* End PBXGroup section */

/* Begin PBXNativeTarget section */
		D28569271C67237500581C15 /* Pitch Perfect */ = {
			isa = PBXNativeTarget;
			buildConfigurationList = D28569501C67237500581C15 /* Build configuration list for PBXNativeTarget "Pitch Perfect" */;
			buildPhases = (
				D28569241C67237500581C15 /* Sources */,
				D28569251C67237500581C15 /* Frameworks */,
				D28569261C67237500581C15 /* Resources */,
			);
			buildRules = (
			);
			dependencies = (
			);
			name = "Pitch Perfect";
			productName = "Pitch Perfect";
			productReference = D28569281C67237500581C15 /* Pitch Perfect.app */;
			productType = "com.apple.product-type.application";
		};
		D285693B1C67237500581C15 /* Pitch PerfectTests */ = {
			isa = PBXNativeTarget;
			buildConfigurationList = D28569531C67237500581C15 /* Build configuration list for PBXNativeTarget "Pitch PerfectTests" */;
			buildPhases = (
				D28569381C67237500581C15 /* Sources */,
				D28569391C67237500581C15 /* Frameworks */,
				D285693A1C67237500581C15 /* Resources */,
			);
			buildRules = (
			);
			dependencies = (
				D285693E1C67237500581C15 /* PBXTargetDependency */,
			);
			name = "Pitch PerfectTests";
			productName = "Pitch PerfectTests";
			productReference = D285693C1C67237500581C15 /* Pitch PerfectTests.xctest */;
			productType = "com.apple.product-type.bundle.unit-test";
		};
		D28569461C67237500581C15 /* Pitch PerfectUITests */ = {
			isa = PBXNativeTarget;
			buildConfigurationList = D28569561C67237500581C15 /* Build configuration list for PBXNativeTarget "Pitch PerfectUITests" */;
			buildPhases = (
				D28569431C67237500581C15 /* Sources */,
				D28569441C67237500581C15 /* Frameworks */,
				D28569451C67237500581C15 /* Resources */,
			);
			buildRules = (
			);
			dependencies = (
				D28569491C67237500581C15 /* PBXTargetDependency */,
			);
			name = "Pitch PerfectUITests";
			productName = "Pitch PerfectUITests";
			productReference = D28569471C67237500581C15 /* Pitch PerfectUITests.xctest */;
			productType = "com.apple.product-type.bundle.ui-testing";
		};
/* End PBXNativeTarget section */

/* Begin PBXProject section */
		D28569201C67237500581C15 /* Project object */ = {
			isa = PBXProject;
			attributes = {
				LastSwiftUpdateCheck = 0720;
				LastUpgradeCheck = 0720;
				ORGANIZATIONNAME = "Chris Farrugia";
				TargetAttributes = {
					D28569271C67237500581C15 = {
						CreatedOnToolsVersion = 7.2.1;
						DevelopmentTeam = AJWHCK2DHG;
					};
					D285693B1C67237500581C15 = {
						CreatedOnToolsVersion = 7.2.1;
						TestTargetID = D28569271C67237500581C15;
					};
					D28569461C67237500581C15 = {
						CreatedOnToolsVersion = 7.2.1;
						TestTargetID = D28569271C67237500581C15;
					};
				};
			};
			buildConfigurationList = D28569231C67237500581C15 /* Build configuration list for PBXProject "Pitch Perfect" */;
			compatibilityVersion = "Xcode 3.2";
			developmentRegion = English;
			hasScannedForEncodings = 0;
			knownRegions = (
				en,
				Base,
			);
			mainGroup = D285691F1C67237500581C15;
			productRefGroup = D28569291C67237500581C15 /* Products */;
			projectDirPath = "";
			projectRoot = "";
			targets = (
				D28569271C67237500581C15 /* Pitch Perfect */,
				D285693B1C67237500581C15 /* Pitch PerfectTests */,
				D28569461C67237500581C15 /* Pitch PerfectUITests */,
			);
		};
/* End PBXProject section */

/* Begin PBXResourcesBuildPhase section */
		D28569261C67237500581C15 /* Resources */ = {
			isa = PBXResourcesBuildPhase;
			buildActionMask = 2147483647;
			files = (
				D28569361C67237500581C15 /* LaunchScreen.storyboard in Resources */,
				D28569331C67237500581C15 /* Assets.xcassets in Resources */,
				D28569311C67237500581C15 /* Main.storyboard in Resources */,
			);
			runOnlyForDeploymentPostprocessing = 0;
		};
		D285693A1C67237500581C15 /* Resources */ = {
			isa = PBXResourcesBuildPhase;
			buildActionMask = 2147483647;
			files = (
			);
			runOnlyForDeploymentPostprocessing = 0;
		};
		D28569451C67237500581C15 /* Resources */ = {
			isa = PBXResourcesBuildPhase;
			buildActionMask = 2147483647;
			files = (
			);
			runOnlyForDeploymentPostprocessing = 0;
		};
/* End PBXResourcesBuildPhase section */

/* Begin PBXSourcesBuildPhase section */
		D28569241C67237500581C15 /* Sources */ = {
			isa = PBXSourcesBuildPhase;
			buildActionMask = 2147483647;
			files = (
				D285695E1C6A783500581C15 /* RecordedAudio.swift in Sources */,
				D285692E1C67237500581C15 /* RecordSoundViewController.swift in Sources */,
				D285692C1C67237500581C15 /* AppDelegate.swift in Sources */,
				D285695A1C67E52C00581C15 /* PlaySoundsViewController.swift in Sources */,
			);
			runOnlyForDeploymentPostprocessing = 0;
		};
		D28569381C67237500581C15 /* Sources */ = {
			isa = PBXSourcesBuildPhase;
			buildActionMask = 2147483647;
			files = (
				D28569411C67237500581C15 /* Pitch_PerfectTests.swift in Sources */,
			);
			runOnlyForDeploymentPostprocessing = 0;
		};
		D28569431C67237500581C15 /* Sources */ = {
			isa = PBXSourcesBuildPhase;
			buildActionMask = 2147483647;
			files = (
				D285694C1C67237500581C15 /* Pitch_PerfectUITests.swift in Sources */,
			);
			runOnlyForDeploymentPostprocessing = 0;
		};
/* End PBXSourcesBuildPhase section */

/* Begin PBXTargetDependency section */
		D285693E1C67237500581C15 /* PBXTargetDependency */ = {
			isa = PBXTargetDependency;
			target = D28569271C67237500581C15 /* Pitch Perfect */;
			targetProxy = D285693D1C67237500581C15 /* PBXContainerItemProxy */;
		};
		D28569491C67237500581C15 /* PBXTargetDependency */ = {
			isa = PBXTargetDependency;
			target = D28569271C67237500581C15 /* Pitch Perfect */;
			targetProxy = D28569481C67237500581C15 /* PBXContainerItemProxy */;
		};
/* End PBXTargetDependency section */

/* Begin PBXVariantGroup section */
		D285692F1C67237500581C15 /* Main.storyboard */ = {
			isa = PBXVariantGroup;
			children = (
				D28569301C67237500581C15 /* Base */,
			);
			name = Main.storyboard;
			sourceTree = "<group>";
		};
		D28569341C67237500581C15 /* LaunchScreen.storyboard */ = {
			isa = PBXVariantGroup;
			children = (
				D28569351C67237500581C15 /* Base */,
			);
			name = LaunchScreen.storyboard;
			sourceTree = "<group>";
		};
/* End PBXVariantGroup section */

/* Begin XCBuildConfiguration section */
		D285694E1C67237500581C15 /* Debug */ = {
			isa = XCBuildConfiguration;
			buildSettings = {
				ALWAYS_SEARCH_USER_PATHS = NO;
				CLANG_CXX_LANGUAGE_STANDARD = "gnu++0x";
				CLANG_CXX_LIBRARY = "libc++";
				CLANG_ENABLE_MODULES = YES;
				CLANG_ENABLE_OBJC_ARC = YES;
				CLANG_WARN_BOOL_CONVERSION = YES;
				CLANG_WARN_CONSTANT_CONVERSION = YES;
				CLANG_WARN_DIRECT_OBJC_ISA_USAGE = YES_ERROR;
				CLANG_WARN_EMPTY_BODY = YES;
				CLANG_WARN_ENUM_CONVERSION = YES;
				CLANG_WARN_INT_CONVERSION = YES;
				CLANG_WARN_OBJC_ROOT_CLASS = YES_ERROR;
				CLANG_WARN_UNREACHABLE_CODE = YES;
				CLANG_WARN__DUPLICATE_METHOD_MATCH = YES;
				"CODE_SIGN_IDENTITY[sdk=iphoneos*]" = "iPhone Developer";
				COPY_PHASE_STRIP = NO;
				DEBUG_INFORMATION_FORMAT = dwarf;
				ENABLE_STRICT_OBJC_MSGSEND = YES;
				ENABLE_TESTABILITY = YES;
				GCC_C_LANGUAGE_STANDARD = gnu99;
				GCC_DYNAMIC_NO_PIC = NO;
				GCC_NO_COMMON_BLOCKS = YES;
				GCC_OPTIMIZATION_LEVEL = 0;
				GCC_PREPROCESSOR_DEFINITIONS = (
					"DEBUG=1",
					"$(inherited)",
				);
				GCC_WARN_64_TO_32_BIT_CONVERSION = YES;
				GCC_WARN_ABOUT_RETURN_TYPE = YES_ERROR;
				GCC_WARN_UNDECLARED_SELECTOR = YES;
				GCC_WARN_UNINITIALIZED_AUTOS = YES_AGGRESSIVE;
				GCC_WARN_UNUSED_FUNCTION = YES;
				GCC_WARN_UNUSED_VARIABLE = YES;
				IPHONEOS_DEPLOYMENT_TARGET = 9.2;
				MTL_ENABLE_DEBUG_INFO = YES;
				ONLY_ACTIVE_ARCH = YES;
				SDKROOT = iphoneos;
				SWIFT_OPTIMIZATION_LEVEL = "-Onone";
			};
			name = Debug;
		};
		D285694F1C67237500581C15 /* Release */ = {
			isa = XCBuildConfiguration;
			buildSettings = {
				ALWAYS_SEARCH_USER_PATHS = NO;
				CLANG_CXX_LANGUAGE_STANDARD = "gnu++0x";
				CLANG_CXX_LIBRARY = "libc++";
				CLANG_ENABLE_MODULES = YES;
				CLANG_ENABLE_OBJC_ARC = YES;
				CLANG_WARN_BOOL_CONVERSION = YES;
				CLANG_WARN_CONSTANT_CONVERSION = YES;
				CLANG_WARN_DIRECT_OBJC_ISA_USAGE = YES_ERROR;
				CLANG_WARN_EMPTY_BODY = YES;
				CLANG_WARN_ENUM_CONVERSION = YES;
				CLANG_WARN_INT_CONVERSION = YES;
				CLANG_WARN_OBJC_ROOT_CLASS = YES_ERROR;
				CLANG_WARN_UNREACHABLE_CODE = YES;
				CLANG_WARN__DUPLICATE_METHOD_MATCH = YES;
				"CODE_SIGN_IDENTITY[sdk=iphoneos*]" = "iPhone Developer";
				COPY_PHASE_STRIP = NO;
				DEBUG_INFORMATION_FORMAT = "dwarf-with-dsym";
				ENABLE_NS_ASSERTIONS = NO;
				ENABLE_STRICT_OBJC_MSGSEND = YES;
				GCC_C_LANGUAGE_STANDARD = gnu99;
				GCC_NO_COMMON_BLOCKS = YES;
				GCC_WARN_64_TO_32_BIT_CONVERSION = YES;
				GCC_WARN_ABOUT_RETURN_TYPE = YES_ERROR;
				GCC_WARN_UNDECLARED_SELECTOR = YES;
				GCC_WARN_UNINITIALIZED_AUTOS = YES_AGGRESSIVE;
				GCC_WARN_UNUSED_FUNCTION = YES;
				GCC_WARN_UNUSED_VARIABLE = YES;
				IPHONEOS_DEPLOYMENT_TARGET = 9.2;
				MTL_ENABLE_DEBUG_INFO = NO;
				SDKROOT = iphoneos;
				VALIDATE_PRODUCT = YES;
			};
			name = Release;
		};
		D28569511C67237500581C15 /* Debug */ = {
			isa = XCBuildConfiguration;
			buildSettings = {
				ASSETCATALOG_COMPILER_APPICON_NAME = AppIcon;
				CODE_SIGN_IDENTITY = "iPhone Developer";
				"CODE_SIGN_IDENTITY[sdk=iphoneos*]" = "iPhone Developer";
				INFOPLIST_FILE = "Pitch Perfect/Info.plist";
				IPHONEOS_DEPLOYMENT_TARGET = 8.0;
				LD_RUNPATH_SEARCH_PATHS = "$(inherited) @executable_path/Frameworks";
				PRODUCT_BUNDLE_IDENTIFIER = "com.genericmethod.Pitch-Perfect";
				PRODUCT_NAME = "$(TARGET_NAME)";
				PROVISIONING_PROFILE = "";
			};
			name = Debug;
		};
		D28569521C67237500581C15 /* Release */ = {
			isa = XCBuildConfiguration;
			buildSettings = {
				ASSETCATALOG_COMPILER_APPICON_NAME = AppIcon;
				CODE_SIGN_IDENTITY = "iPhone Developer";
				"CODE_SIGN_IDENTITY[sdk=iphoneos*]" = "iPhone Developer";
				INFOPLIST_FILE = "Pitch Perfect/Info.plist";
				IPHONEOS_DEPLOYMENT_TARGET = 8.0;
				LD_RUNPATH_SEARCH_PATHS = "$(inherited) @executable_path/Frameworks";
				PRODUCT_BUNDLE_IDENTIFIER = "com.genericmethod.Pitch-Perfect";
				PRODUCT_NAME = "$(TARGET_NAME)";
				PROVISIONING_PROFILE = "";
			};
			name = Release;
		};
		D28569541C67237500581C15 /* Debug */ = {
			isa = XCBuildConfiguration;
			buildSettings = {
				BUNDLE_LOADER = "$(TEST_HOST)";
				INFOPLIST_FILE = "Pitch PerfectTests/Info.plist";
				LD_RUNPATH_SEARCH_PATHS = "$(inherited) @executable_path/Frameworks @loader_path/Frameworks";
				PRODUCT_BUNDLE_IDENTIFIER = "com.genericmethod.Pitch-PerfectTests";
				PRODUCT_NAME = "$(TARGET_NAME)";
				TEST_HOST = "$(BUILT_PRODUCTS_DIR)/Pitch Perfect.app/Pitch Perfect";
			};
			name = Debug;
		};
		D28569551C67237500581C15 /* Release */ = {
			isa = XCBuildConfiguration;
			buildSettings = {
				BUNDLE_LOADER = "$(TEST_HOST)";
				INFOPLIST_FILE = "Pitch PerfectTests/Info.plist";
				LD_RUNPATH_SEARCH_PATHS = "$(inherited) @executable_path/Frameworks @loader_path/Frameworks";
				PRODUCT_BUNDLE_IDENTIFIER = "com.genericmethod.Pitch-PerfectTests";
				PRODUCT_NAME = "$(TARGET_NAME)";
				TEST_HOST = "$(BUILT_PRODUCTS_DIR)/Pitch Perfect.app/Pitch Perfect";
			};
			name = Release;
		};
		D28569571C67237500581C15 /* Debug */ = {
			isa = XCBuildConfiguration;
			buildSettings = {
				INFOPLIST_FILE = "Pitch PerfectUITests/Info.plist";
				LD_RUNPATH_SEARCH_PATHS = "$(inherited) @executable_path/Frameworks @loader_path/Frameworks";
				PRODUCT_BUNDLE_IDENTIFIER = "com.genericmethod.Pitch-PerfectUITests";
				PRODUCT_NAME = "$(TARGET_NAME)";
				TEST_TARGET_NAME = "Pitch Perfect";
				USES_XCTRUNNER = YES;
			};
			name = Debug;
		};
		D28569581C67237500581C15 /* Release */ = {
			isa = XCBuildConfiguration;
			buildSettings = {
				INFOPLIST_FILE = "Pitch PerfectUITests/Info.plist";
				LD_RUNPATH_SEARCH_PATHS = "$(inherited) @executable_path/Frameworks @loader_path/Frameworks";
				PRODUCT_BUNDLE_IDENTIFIER = "com.genericmethod.Pitch-PerfectUITests";
				PRODUCT_NAME = "$(TARGET_NAME)";
				TEST_TARGET_NAME = "Pitch Perfect";
				USES_XCTRUNNER = YES;
			};
			name = Release;
		};
/* End XCBuildConfiguration section */

/* Begin XCConfigurationList section */
		D28569231C67237500581C15 /* Build configuration list for PBXProject "Pitch Perfect" */ = {
			isa = XCConfigurationList;
			buildConfigurations = (
				D285694E1C67237500581C15 /* Debug */,
				D285694F1C67237500581C15 /* Release */,
			);
			defaultConfigurationIsVisible = 0;
			defaultConfigurationName = Release;
		};
		D28569501C67237500581C15 /* Build configuration list for PBXNativeTarget "Pitch Perfect" */ = {
			isa = XCConfigurationList;
			buildConfigurations = (
				D28569511C67237500581C15 /* Debug */,
				D28569521C67237500581C15 /* Release */,
			);
			defaultConfigurationIsVisible = 0;
		};
		D28569531C67237500581C15 /* Build configuration list for PBXNativeTarget "Pitch PerfectTests" */ = {
			isa = XCConfigurationList;
			buildConfigurations = (
				D28569541C67237500581C15 /* Debug */,
				D28569551C67237500581C15 /* Release */,
			);
			defaultConfigurationIsVisible = 0;
		};
		D28569561C67237500581C15 /* Build configuration list for PBXNativeTarget "Pitch PerfectUITests" */ = {
			isa = XCConfigurationList;
			buildConfigurations = (
				D28569571C67237500581C15 /* Debug */,
				D28569581C67237500581C15 /* Release */,
			);
			defaultConfigurationIsVisible = 0;
		};
/* End XCConfigurationList section */
	};
	rootObject = D28569201C67237500581C15 /* Project object */;
}
